// !$*UTF8*$!
{
	archiveVersion = 1;
	classes = {
	};
	objectVersion = 46;
	objects = {

/* Begin PBXBuildFile section */
		8A98544918C30214006E9849 /* Number.m in Sources */ = {isa = PBXBuildFile; fileRef = 8A98544818C30214006E9849 /* Number.m */; };
		8A9EE5AA18BD748A00811BDB /* Foundation.framework in Frameworks */ = {isa = PBXBuildFile; fileRef = 8A9EE5A918BD748A00811BDB /* Foundation.framework */; };
		8A9EE5AC18BD748A00811BDB /* CoreGraphics.framework in Frameworks */ = {isa = PBXBuildFile; fileRef = 8A9EE5AB18BD748A00811BDB /* CoreGraphics.framework */; };
		8A9EE5AE18BD748A00811BDB /* UIKit.framework in Frameworks */ = {isa = PBXBuildFile; fileRef = 8A9EE5AD18BD748A00811BDB /* UIKit.framework */; };
		8A9EE5B018BD748A00811BDB /* SpriteKit.framework in Frameworks */ = {isa = PBXBuildFile; fileRef = 8A9EE5AF18BD748A00811BDB /* SpriteKit.framework */; };
		8A9EE5B618BD748A00811BDB /* InfoPlist.strings in Resources */ = {isa = PBXBuildFile; fileRef = 8A9EE5B418BD748A00811BDB /* InfoPlist.strings */; };
		8A9EE5B818BD748A00811BDB /* main.m in Sources */ = {isa = PBXBuildFile; fileRef = 8A9EE5B718BD748A00811BDB /* main.m */; };
		8A9EE5BC18BD748A00811BDB /* AppDelegate.m in Sources */ = {isa = PBXBuildFile; fileRef = 8A9EE5BB18BD748A00811BDB /* AppDelegate.m */; };
		8A9EE5BF18BD748A00811BDB /* Main.storyboard in Resources */ = {isa = PBXBuildFile; fileRef = 8A9EE5BD18BD748A00811BDB /* Main.storyboard */; };
		8A9EE5C218BD748A00811BDB /* ViewController.m in Sources */ = {isa = PBXBuildFile; fileRef = 8A9EE5C118BD748A00811BDB /* ViewController.m */; };
		8A9EE5C518BD748A00811BDB /* MyScene.m in Sources */ = {isa = PBXBuildFile; fileRef = 8A9EE5C418BD748A00811BDB /* MyScene.m */; };
		8A9EE5C718BD748A00811BDB /* Spaceship.png in Resources */ = {isa = PBXBuildFile; fileRef = 8A9EE5C618BD748A00811BDB /* Spaceship.png */; };
		8A9EE5C918BD748A00811BDB /* Images.xcassets in Resources */ = {isa = PBXBuildFile; fileRef = 8A9EE5C818BD748A00811BDB /* Images.xcassets */; };
		8A9EE5D018BD748A00811BDB /* XCTest.framework in Frameworks */ = {isa = PBXBuildFile; fileRef = 8A9EE5CF18BD748A00811BDB /* XCTest.framework */; };
		8A9EE5D118BD748A00811BDB /* Foundation.framework in Frameworks */ = {isa = PBXBuildFile; fileRef = 8A9EE5A918BD748A00811BDB /* Foundation.framework */; };
		8A9EE5D218BD748A00811BDB /* UIKit.framework in Frameworks */ = {isa = PBXBuildFile; fileRef = 8A9EE5AD18BD748A00811BDB /* UIKit.framework */; };
		8A9EE5DA18BD748A00811BDB /* InfoPlist.strings in Resources */ = {isa = PBXBuildFile; fileRef = 8A9EE5D818BD748A00811BDB /* InfoPlist.strings */; };
		8A9EE5DC18BD748A00811BDB /* SnakeTests.m in Sources */ = {isa = PBXBuildFile; fileRef = 8A9EE5DB18BD748A00811BDB /* SnakeTests.m */; };
		8A9EE5E718BD74AA00811BDB /* GameScene.m in Sources */ = {isa = PBXBuildFile; fileRef = 8A9EE5E618BD74AA00811BDB /* GameScene.m */; };
		8A9EE5EA18BE2A6100811BDB /* Dot.m in Sources */ = {isa = PBXBuildFile; fileRef = 8A9EE5E918BE2A6100811BDB /* Dot.m */; };
		8AECAC3318C6A4EC00054A58 /* GameKit.framework in Frameworks */ = {isa = PBXBuildFile; fileRef = 8AECAC3218C6A4EC00054A58 /* GameKit.framework */; };
		8AECAC3718C6A55100054A58 /* GameKitHelper.m in Sources */ = {isa = PBXBuildFile; fileRef = 8AECAC3618C6A55100054A58 /* GameKitHelper.m */; };
		8AFF431F18C0F0D10053B250 /* Button.m in Sources */ = {isa = PBXBuildFile; fileRef = 8AFF431E18C0F0D10053B250 /* Button.m */; };
/* End PBXBuildFile section */

/* Begin PBXContainerItemProxy section */
		8A9EE5D318BD748A00811BDB /* PBXContainerItemProxy */ = {
			isa = PBXContainerItemProxy;
			containerPortal = 8A9EE59E18BD748A00811BDB /* Project object */;
			proxyType = 1;
			remoteGlobalIDString = 8A9EE5A518BD748A00811BDB;
			remoteInfo = Snake;
		};
/* End PBXContainerItemProxy section */

/* Begin PBXFileReference section */
		8A98544718C30214006E9849 /* Number.h */ = {isa = PBXFileReference; fileEncoding = 4; lastKnownFileType = sourcecode.c.h; path = Number.h; sourceTree = "<group>"; };
		8A98544818C30214006E9849 /* Number.m */ = {isa = PBXFileReference; fileEncoding = 4; lastKnownFileType = sourcecode.c.objc; path = Number.m; sourceTree = "<group>"; };
		8A9EE5A618BD748A00811BDB /* Snake.app */ = {isa = PBXFileReference; explicitFileType = wrapper.application; includeInIndex = 0; path = Snake.app; sourceTree = BUILT_PRODUCTS_DIR; };
		8A9EE5A918BD748A00811BDB /* Foundation.framework */ = {isa = PBXFileReference; lastKnownFileType = wrapper.framework; name = Foundation.framework; path = System/Library/Frameworks/Foundation.framework; sourceTree = SDKROOT; };
		8A9EE5AB18BD748A00811BDB /* CoreGraphics.framework */ = {isa = PBXFileReference; lastKnownFileType = wrapper.framework; name = CoreGraphics.framework; path = System/Library/Frameworks/CoreGraphics.framework; sourceTree = SDKROOT; };
		8A9EE5AD18BD748A00811BDB /* UIKit.framework */ = {isa = PBXFileReference; lastKnownFileType = wrapper.framework; name = UIKit.framework; path = System/Library/Frameworks/UIKit.framework; sourceTree = SDKROOT; };
		8A9EE5AF18BD748A00811BDB /* SpriteKit.framework */ = {isa = PBXFileReference; lastKnownFileType = wrapper.framework; name = SpriteKit.framework; path = System/Library/Frameworks/SpriteKit.framework; sourceTree = SDKROOT; };
		8A9EE5B318BD748A00811BDB /* Snake-Info.plist */ = {isa = PBXFileReference; lastKnownFileType = text.plist.xml; path = "Snake-Info.plist"; sourceTree = "<group>"; };
		8A9EE5B518BD748A00811BDB /* en */ = {isa = PBXFileReference; lastKnownFileType = text.plist.strings; name = en; path = en.lproj/InfoPlist.strings; sourceTree = "<group>"; };
		8A9EE5B718BD748A00811BDB /* main.m */ = {isa = PBXFileReference; lastKnownFileType = sourcecode.c.objc; path = main.m; sourceTree = "<group>"; };
		8A9EE5B918BD748A00811BDB /* Snake-Prefix.pch */ = {isa = PBXFileReference; lastKnownFileType = sourcecode.c.h; path = "Snake-Prefix.pch"; sourceTree = "<group>"; };
		8A9EE5BA18BD748A00811BDB /* AppDelegate.h */ = {isa = PBXFileReference; lastKnownFileType = sourcecode.c.h; path = AppDelegate.h; sourceTree = "<group>"; };
		8A9EE5BB18BD748A00811BDB /* AppDelegate.m */ = {isa = PBXFileReference; lastKnownFileType = sourcecode.c.objc; path = AppDelegate.m; sourceTree = "<group>"; };
		8A9EE5BE18BD748A00811BDB /* Base */ = {isa = PBXFileReference; lastKnownFileType = file.storyboard; name = Base; path = Base.lproj/Main.storyboard; sourceTree = "<group>"; };
		8A9EE5C018BD748A00811BDB /* ViewController.h */ = {isa = PBXFileReference; lastKnownFileType = sourcecode.c.h; path = ViewController.h; sourceTree = "<group>"; };
		8A9EE5C118BD748A00811BDB /* ViewController.m */ = {isa = PBXFileReference; lastKnownFileType = sourcecode.c.objc; path = ViewController.m; sourceTree = "<group>"; };
		8A9EE5C318BD748A00811BDB /* MyScene.h */ = {isa = PBXFileReference; lastKnownFileType = sourcecode.c.h; path = MyScene.h; sourceTree = "<group>"; };
		8A9EE5C418BD748A00811BDB /* MyScene.m */ = {isa = PBXFileReference; lastKnownFileType = sourcecode.c.objc; path = MyScene.m; sourceTree = "<group>"; };
		8A9EE5C618BD748A00811BDB /* Spaceship.png */ = {isa = PBXFileReference; lastKnownFileType = image.png; path = Spaceship.png; sourceTree = "<group>"; };
		8A9EE5C818BD748A00811BDB /* Images.xcassets */ = {isa = PBXFileReference; lastKnownFileType = folder.assetcatalog; path = Images.xcassets; sourceTree = "<group>"; };
		8A9EE5CE18BD748A00811BDB /* SnakeTests.xctest */ = {isa = PBXFileReference; explicitFileType = wrapper.cfbundle; includeInIndex = 0; path = SnakeTests.xctest; sourceTree = BUILT_PRODUCTS_DIR; };
		8A9EE5CF18BD748A00811BDB /* XCTest.framework */ = {isa = PBXFileReference; lastKnownFileType = wrapper.framework; name = XCTest.framework; path = Library/Frameworks/XCTest.framework; sourceTree = DEVELOPER_DIR; };
		8A9EE5D718BD748A00811BDB /* SnakeTests-Info.plist */ = {isa = PBXFileReference; lastKnownFileType = text.plist.xml; path = "SnakeTests-Info.plist"; sourceTree = "<group>"; };
		8A9EE5D918BD748A00811BDB /* en */ = {isa = PBXFileReference; lastKnownFileType = text.plist.strings; name = en; path = en.lproj/InfoPlist.strings; sourceTree = "<group>"; };
		8A9EE5DB18BD748A00811BDB /* SnakeTests.m */ = {isa = PBXFileReference; lastKnownFileType = sourcecode.c.objc; path = SnakeTests.m; sourceTree = "<group>"; };
		8A9EE5E518BD74AA00811BDB /* GameScene.h */ = {isa = PBXFileReference; fileEncoding = 4; lastKnownFileType = sourcecode.c.h; path = GameScene.h; sourceTree = "<group>"; };
		8A9EE5E618BD74AA00811BDB /* GameScene.m */ = {isa = PBXFileReference; fileEncoding = 4; lastKnownFileType = sourcecode.c.objc; path = GameScene.m; sourceTree = "<group>"; };
		8A9EE5E818BE2A6100811BDB /* Dot.h */ = {isa = PBXFileReference; fileEncoding = 4; lastKnownFileType = sourcecode.c.h; path = Dot.h; sourceTree = "<group>"; };
		8A9EE5E918BE2A6100811BDB /* Dot.m */ = {isa = PBXFileReference; fileEncoding = 4; lastKnownFileType = sourcecode.c.objc; path = Dot.m; sourceTree = "<group>"; };
		8AECAC3218C6A4EC00054A58 /* GameKit.framework */ = {isa = PBXFileReference; lastKnownFileType = wrapper.framework; name = GameKit.framework; path = System/Library/Frameworks/GameKit.framework; sourceTree = SDKROOT; };
		8AECAC3518C6A55100054A58 /* GameKitHelper.h */ = {isa = PBXFileReference; fileEncoding = 4; lastKnownFileType = sourcecode.c.h; path = GameKitHelper.h; sourceTree = "<group>"; };
		8AECAC3618C6A55100054A58 /* GameKitHelper.m */ = {isa = PBXFileReference; fileEncoding = 4; lastKnownFileType = sourcecode.c.objc; path = GameKitHelper.m; sourceTree = "<group>"; };
		8AFF431D18C0F0D10053B250 /* Button.h */ = {isa = PBXFileReference; fileEncoding = 4; lastKnownFileType = sourcecode.c.h; path = Button.h; sourceTree = "<group>"; };
		8AFF431E18C0F0D10053B250 /* Button.m */ = {isa = PBXFileReference; fileEncoding = 4; lastKnownFileType = sourcecode.c.objc; path = Button.m; sourceTree = "<group>"; };
/* End PBXFileReference section */

/* Begin PBXFrameworksBuildPhase section */
		8A9EE5A318BD748A00811BDB /* Frameworks */ = {
			isa = PBXFrameworksBuildPhase;
			buildActionMask = 2147483647;
			files = (
				8AECAC3318C6A4EC00054A58 /* GameKit.framework in Frameworks */,
				8A9EE5AC18BD748A00811BDB /* CoreGraphics.framework in Frameworks */,
				8A9EE5AE18BD748A00811BDB /* UIKit.framework in Frameworks */,
				8A9EE5B018BD748A00811BDB /* SpriteKit.framework in Frameworks */,
				8A9EE5AA18BD748A00811BDB /* Foundation.framework in Frameworks */,
			);
			runOnlyForDeploymentPostprocessing = 0;
		};
		8A9EE5CB18BD748A00811BDB /* Frameworks */ = {
			isa = PBXFrameworksBuildPhase;
			buildActionMask = 2147483647;
			files = (
				8A9EE5D018BD748A00811BDB /* XCTest.framework in Frameworks */,
				8A9EE5D218BD748A00811BDB /* UIKit.framework in Frameworks */,
				8A9EE5D118BD748A00811BDB /* Foundation.framework in Frameworks */,
			);
			runOnlyForDeploymentPostprocessing = 0;
		};
/* End PBXFrameworksBuildPhase section */

/* Begin PBXGroup section */
		8A9EE59D18BD748A00811BDB = {
			isa = PBXGroup;
			children = (
				8A9EE5B118BD748A00811BDB /* Snake */,
				8A9EE5D518BD748A00811BDB /* SnakeTests */,
				8A9EE5A818BD748A00811BDB /* Frameworks */,
				8A9EE5A718BD748A00811BDB /* Products */,
			);
			sourceTree = "<group>";
		};
		8A9EE5A718BD748A00811BDB /* Products */ = {
			isa = PBXGroup;
			children = (
				8A9EE5A618BD748A00811BDB /* Snake.app */,
				8A9EE5CE18BD748A00811BDB /* SnakeTests.xctest */,
			);
			name = Products;
			sourceTree = "<group>";
		};
		8A9EE5A818BD748A00811BDB /* Frameworks */ = {
			isa = PBXGroup;
			children = (
				8AECAC3218C6A4EC00054A58 /* GameKit.framework */,
				8A9EE5A918BD748A00811BDB /* Foundation.framework */,
				8A9EE5AB18BD748A00811BDB /* CoreGraphics.framework */,
				8A9EE5AD18BD748A00811BDB /* UIKit.framework */,
				8A9EE5AF18BD748A00811BDB /* SpriteKit.framework */,
				8A9EE5CF18BD748A00811BDB /* XCTest.framework */,
			);
			name = Frameworks;
			sourceTree = "<group>";
		};
		8A9EE5B118BD748A00811BDB /* Snake */ = {
			isa = PBXGroup;
			children = (
				8AECAC3418C6A52A00054A58 /* GameKitFiles */,
				8A9EE5BA18BD748A00811BDB /* AppDelegate.h */,
				8A9EE5BB18BD748A00811BDB /* AppDelegate.m */,
				8A9EE5BD18BD748A00811BDB /* Main.storyboard */,
				8A9EE5C018BD748A00811BDB /* ViewController.h */,
				8A9EE5C118BD748A00811BDB /* ViewController.m */,
				8A9EE5C318BD748A00811BDB /* MyScene.h */,
				8A9EE5C418BD748A00811BDB /* MyScene.m */,
				8A9EE5C618BD748A00811BDB /* Spaceship.png */,
				8A9EE5C818BD748A00811BDB /* Images.xcassets */,
				8A9EE5B218BD748A00811BDB /* Supporting Files */,
				8A9EE5E518BD74AA00811BDB /* GameScene.h */,
				8A9EE5E618BD74AA00811BDB /* GameScene.m */,
				8A9EE5E818BE2A6100811BDB /* Dot.h */,
				8A9EE5E918BE2A6100811BDB /* Dot.m */,
				8AFF431D18C0F0D10053B250 /* Button.h */,
				8AFF431E18C0F0D10053B250 /* Button.m */,
				8A98544718C30214006E9849 /* Number.h */,
				8A98544818C30214006E9849 /* Number.m */,
			);
			path = Snake;
			sourceTree = "<group>";
		};
		8A9EE5B218BD748A00811BDB /* Supporting Files */ = {
			isa = PBXGroup;
			children = (
				8A9EE5B318BD748A00811BDB /* Snake-Info.plist */,
				8A9EE5B418BD748A00811BDB /* InfoPlist.strings */,
				8A9EE5B718BD748A00811BDB /* main.m */,
				8A9EE5B918BD748A00811BDB /* Snake-Prefix.pch */,
			);
			name = "Supporting Files";
			sourceTree = "<group>";
		};
		8A9EE5D518BD748A00811BDB /* SnakeTests */ = {
			isa = PBXGroup;
			children = (
				8A9EE5DB18BD748A00811BDB /* SnakeTests.m */,
				8A9EE5D618BD748A00811BDB /* Supporting Files */,
			);
			path = SnakeTests;
			sourceTree = "<group>";
		};
		8A9EE5D618BD748A00811BDB /* Supporting Files */ = {
			isa = PBXGroup;
			children = (
				8A9EE5D718BD748A00811BDB /* SnakeTests-Info.plist */,
				8A9EE5D818BD748A00811BDB /* InfoPlist.strings */,
			);
			name = "Supporting Files";
			sourceTree = "<group>";
		};
		8AECAC3418C6A52A00054A58 /* GameKitFiles */ = {
			isa = PBXGroup;
			children = (
				8AECAC3518C6A55100054A58 /* GameKitHelper.h */,
				8AECAC3618C6A55100054A58 /* GameKitHelper.m */,
			);
			name = GameKitFiles;
			sourceTree = "<group>";
		};
/* End PBXGroup section */

/* Begin PBXNativeTarget section */
		8A9EE5A518BD748A00811BDB /* Snake */ = {
			isa = PBXNativeTarget;
			buildConfigurationList = 8A9EE5DF18BD748A00811BDB /* Build configuration list for PBXNativeTarget "Snake" */;
			buildPhases = (
				8A9EE5A218BD748A00811BDB /* Sources */,
				8A9EE5A318BD748A00811BDB /* Frameworks */,
				8A9EE5A418BD748A00811BDB /* Resources */,
			);
			buildRules = (
			);
			dependencies = (
			);
			name = Snake;
			productName = Snake;
			productReference = 8A9EE5A618BD748A00811BDB /* Snake.app */;
			productType = "com.apple.product-type.application";
		};
		8A9EE5CD18BD748A00811BDB /* SnakeTests */ = {
			isa = PBXNativeTarget;
			buildConfigurationList = 8A9EE5E218BD748A00811BDB /* Build configuration list for PBXNativeTarget "SnakeTests" */;
			buildPhases = (
				8A9EE5CA18BD748A00811BDB /* Sources */,
				8A9EE5CB18BD748A00811BDB /* Frameworks */,
				8A9EE5CC18BD748A00811BDB /* Resources */,
			);
			buildRules = (
			);
			dependencies = (
				8A9EE5D418BD748A00811BDB /* PBXTargetDependency */,
			);
			name = SnakeTests;
			productName = SnakeTests;
			productReference = 8A9EE5CE18BD748A00811BDB /* SnakeTests.xctest */;
			productType = "com.apple.product-type.bundle.unit-test";
		};
/* End PBXNativeTarget section */

/* Begin PBXProject section */
		8A9EE59E18BD748A00811BDB /* Project object */ = {
			isa = PBXProject;
			attributes = {
				LastUpgradeCheck = 0500;
				ORGANIZATIONNAME = "Frank Chen";
				TargetAttributes = {
					8A9EE5CD18BD748A00811BDB = {
						TestTargetID = 8A9EE5A518BD748A00811BDB;
					};
				};
			};
			buildConfigurationList = 8A9EE5A118BD748A00811BDB /* Build configuration list for PBXProject "Snake" */;
			compatibilityVersion = "Xcode 3.2";
			developmentRegion = English;
			hasScannedForEncodings = 0;
			knownRegions = (
				en,
				Base,
			);
			mainGroup = 8A9EE59D18BD748A00811BDB;
			productRefGroup = 8A9EE5A718BD748A00811BDB /* Products */;
			projectDirPath = "";
			projectRoot = "";
			targets = (
				8A9EE5A518BD748A00811BDB /* Snake */,
				8A9EE5CD18BD748A00811BDB /* SnakeTests */,
			);
		};
/* End PBXProject section */

/* Begin PBXResourcesBuildPhase section */
		8A9EE5A418BD748A00811BDB /* Resources */ = {
			isa = PBXResourcesBuildPhase;
			buildActionMask = 2147483647;
			files = (
				8A9EE5B618BD748A00811BDB /* InfoPlist.strings in Resources */,
				8A9EE5C918BD748A00811BDB /* Images.xcassets in Resources */,
				8A9EE5C718BD748A00811BDB /* Spaceship.png in Resources */,
				8A9EE5BF18BD748A00811BDB /* Main.storyboard in Resources */,
			);
			runOnlyForDeploymentPostprocessing = 0;
		};
		8A9EE5CC18BD748A00811BDB /* Resources */ = {
			isa = PBXResourcesBuildPhase;
			buildActionMask = 2147483647;
			files = (
				8A9EE5DA18BD748A00811BDB /* InfoPlist.strings in Resources */,
			);
			runOnlyForDeploymentPostprocessing = 0;
		};
/* End PBXResourcesBuildPhase section */

/* Begin PBXSourcesBuildPhase section */
		8A9EE5A218BD748A00811BDB /* Sources */ = {
			isa = PBXSourcesBuildPhase;
			buildActionMask = 2147483647;
			files = (
				8A9EE5C518BD748A00811BDB /* MyScene.m in Sources */,
				8AFF431F18C0F0D10053B250 /* Button.m in Sources */,
				8A9EE5C218BD748A00811BDB /* ViewController.m in Sources */,
				8A9EE5E718BD74AA00811BDB /* GameScene.m in Sources */,
				8A98544918C30214006E9849 /* Number.m in Sources */,
				8A9EE5EA18BE2A6100811BDB /* Dot.m in Sources */,
				8AECAC3718C6A55100054A58 /* GameKitHelper.m in Sources */,
				8A9EE5BC18BD748A00811BDB /* AppDelegate.m in Sources */,
				8A9EE5B818BD748A00811BDB /* main.m in Sources */,
			);
			runOnlyForDeploymentPostprocessing = 0;
		};
		8A9EE5CA18BD748A00811BDB /* Sources */ = {
			isa = PBXSourcesBuildPhase;
			buildActionMask = 2147483647;
			files = (
				8A9EE5DC18BD748A00811BDB /* SnakeTests.m in Sources */,
			);
			runOnlyForDeploymentPostprocessing = 0;
		};
/* End PBXSourcesBuildPhase section */

/* Begin PBXTargetDependency section */
		8A9EE5D418BD748A00811BDB /* PBXTargetDependency */ = {
			isa = PBXTargetDependency;
			target = 8A9EE5A518BD748A00811BDB /* Snake */;
			targetProxy = 8A9EE5D318BD748A00811BDB /* PBXContainerItemProxy */;
		};
/* End PBXTargetDependency section */

/* Begin PBXVariantGroup section */
		8A9EE5B418BD748A00811BDB /* InfoPlist.strings */ = {
			isa = PBXVariantGroup;
			children = (
				8A9EE5B518BD748A00811BDB /* en */,
			);
			name = InfoPlist.strings;
			sourceTree = "<group>";
		};
		8A9EE5BD18BD748A00811BDB /* Main.storyboard */ = {
			isa = PBXVariantGroup;
			children = (
				8A9EE5BE18BD748A00811BDB /* Base */,
			);
			name = Main.storyboard;
			sourceTree = "<group>";
		};
		8A9EE5D818BD748A00811BDB /* InfoPlist.strings */ = {
			isa = PBXVariantGroup;
			children = (
				8A9EE5D918BD748A00811BDB /* en */,
			);
			name = InfoPlist.strings;
			sourceTree = "<group>";
		};
/* End PBXVariantGroup section */

/* Begin XCBuildConfiguration section */
		8A9EE5DD18BD748A00811BDB /* Debug */ = {
			isa = XCBuildConfiguration;
			buildSettings = {
				ALWAYS_SEARCH_USER_PATHS = NO;
				ARCHS = "$(ARCHS_STANDARD_INCLUDING_64_BIT)";
				CLANG_CXX_LANGUAGE_STANDARD = "gnu++0x";
				CLANG_CXX_LIBRARY = "libc++";
				CLANG_ENABLE_MODULES = YES;
				CLANG_ENABLE_OBJC_ARC = YES;
				CLANG_WARN_BOOL_CONVERSION = YES;
				CLANG_WARN_CONSTANT_CONVERSION = YES;
				CLANG_WARN_DIRECT_OBJC_ISA_USAGE = YES_ERROR;
				CLANG_WARN_EMPTY_BODY = YES;
				CLANG_WARN_ENUM_CONVERSION = YES;
				CLANG_WARN_INT_CONVERSION = YES;
				CLANG_WARN_OBJC_ROOT_CLASS = YES_ERROR;
				CLANG_WARN__DUPLICATE_METHOD_MATCH = YES;
				"CODE_SIGN_IDENTITY[sdk=iphoneos*]" = "iPhone Developer";
				COPY_PHASE_STRIP = NO;
				GCC_C_LANGUAGE_STANDARD = gnu99;
				GCC_DYNAMIC_NO_PIC = NO;
				GCC_OPTIMIZATION_LEVEL = 0;
				GCC_PREPROCESSOR_DEFINITIONS = (
					"DEBUG=1",
					"$(inherited)",
				);
				GCC_SYMBOLS_PRIVATE_EXTERN = NO;
				GCC_WARN_64_TO_32_BIT_CONVERSION = YES;
				GCC_WARN_ABOUT_RETURN_TYPE = YES_ERROR;
				GCC_WARN_UNDECLARED_SELECTOR = YES;
				GCC_WARN_UNINITIALIZED_AUTOS = YES;
				GCC_WARN_UNUSED_FUNCTION = YES;
				GCC_WARN_UNUSED_VARIABLE = YES;
				IPHONEOS_DEPLOYMENT_TARGET = 7.0;
				ONLY_ACTIVE_ARCH = YES;
				SDKROOT = iphoneos;
			};
			name = Debug;
		};
		8A9EE5DE18BD748A00811BDB /* Release */ = {
			isa = XCBuildConfiguration;
			buildSettings = {
				ALWAYS_SEARCH_USER_PATHS = NO;
				ARCHS = "$(ARCHS_STANDARD_INCLUDING_64_BIT)";
				CLANG_CXX_LANGUAGE_STANDARD = "gnu++0x";
				CLANG_CXX_LIBRARY = "libc++";
				CLANG_ENABLE_MODULES = YES;
				CLANG_ENABLE_OBJC_ARC = YES;
				CLANG_WARN_BOOL_CONVERSION = YES;
				CLANG_WARN_CONSTANT_CONVERSION = YES;
				CLANG_WARN_DIRECT_OBJC_ISA_USAGE = YES_ERROR;
				CLANG_WARN_EMPTY_BODY = YES;
				CLANG_WARN_ENUM_CONVERSION = YES;
				CLANG_WARN_INT_CONVERSION = YES;
				CLANG_WARN_OBJC_ROOT_CLASS = YES_ERROR;
				CLANG_WARN__DUPLICATE_METHOD_MATCH = YES;
				"CODE_SIGN_IDENTITY[sdk=iphoneos*]" = "iPhone Developer";
				COPY_PHASE_STRIP = YES;
				ENABLE_NS_ASSERTIONS = NO;
				GCC_C_LANGUAGE_STANDARD = gnu99;
				GCC_WARN_64_TO_32_BIT_CONVERSION = YES;
				GCC_WARN_ABOUT_RETURN_TYPE = YES_ERROR;
				GCC_WARN_UNDECLARED_SELECTOR = YES;
				GCC_WARN_UNINITIALIZED_AUTOS = YES;
				GCC_WARN_UNUSED_FUNCTION = YES;
				GCC_WARN_UNUSED_VARIABLE = YES;
				IPHONEOS_DEPLOYMENT_TARGET = 7.0;
				SDKROOT = iphoneos;
				VALIDATE_PRODUCT = YES;
			};
			name = Release;
		};
		8A9EE5E018BD748A00811BDB /* Debug */ = {
			isa = XCBuildConfiguration;
			buildSettings = {
				ASSETCATALOG_COMPILER_APPICON_NAME = AppIcon;
				ASSETCATALOG_COMPILER_LAUNCHIMAGE_NAME = LaunchImage;
				GCC_PRECOMPILE_PREFIX_HEADER = YES;
				GCC_PREFIX_HEADER = "Snake/Snake-Prefix.pch";
				INFOPLIST_FILE = "Snake/Snake-Info.plist";
				PRODUCT_NAME = "$(TARGET_NAME)";
				SPRITEKIT_TEXTURE_ATLAS_OUTPUT = YES;
				WRAPPER_EXTENSION = app;
			};
			name = Debug;
		};
		8A9EE5E118BD748A00811BDB /* Release */ = {
			isa = XCBuildConfiguration;
			buildSettings = {
				ASSETCATALOG_COMPILER_APPICON_NAME = AppIcon;
				ASSETCATALOG_COMPILER_LAUNCHIMAGE_NAME = LaunchImage;
				GCC_PRECOMPILE_PREFIX_HEADER = YES;
				GCC_PREFIX_HEADER = "Snake/Snake-Prefix.pch";
				INFOPLIST_FILE = "Snake/Snake-Info.plist";
				PRODUCT_NAME = "$(TARGET_NAME)";
				SPRITEKIT_TEXTURE_ATLAS_OUTPUT = YES;
				WRAPPER_EXTENSION = app;
			};
			name = Release;
		};
		8A9EE5E318BD748A00811BDB /* Debug */ = {
			isa = XCBuildConfiguration;
			buildSettings = {
				ARCHS = "$(ARCHS_STANDARD_INCLUDING_64_BIT)";
				BUNDLE_LOADER = "$(BUILT_PRODUCTS_DIR)/Snake.app/Snake";
				FRAMEWORK_SEARCH_PATHS = (
					"$(SDKROOT)/Developer/Library/Frameworks",
					"$(inherited)",
					"$(DEVELOPER_FRAMEWORKS_DIR)",
				);
				GCC_PRECOMPILE_PREFIX_HEADER = YES;
				GCC_PREFIX_HEADER = "Snake/Snake-Prefix.pch";
				GCC_PREPROCESSOR_DEFINITIONS = (
					"DEBUG=1",
					"$(inherited)",
				);
				INFOPLIST_FILE = "SnakeTests/SnakeTests-Info.plist";
				PRODUCT_NAME = "$(TARGET_NAME)";
				TEST_HOST = "$(BUNDLE_LOADER)";
				WRAPPER_EXTENSION = xctest;
			};
			name = Debug;
		};
		8A9EE5E418BD748A00811BDB /* Release */ = {
			isa = XCBuildConfiguration;
			buildSettings = {
				ARCHS = "$(ARCHS_STANDARD_INCLUDING_64_BIT)";
				BUNDLE_LOADER = "$(BUILT_PRODUCTS_DIR)/Snake.app/Snake";
				FRAMEWORK_SEARCH_PATHS = (
					"$(SDKROOT)/Developer/Library/Frameworks",
					"$(inherited)",
					"$(DEVELOPER_FRAMEWORKS_DIR)",
				);
				GCC_PRECOMPILE_PREFIX_HEADER = YES;
				GCC_PREFIX_HEADER = "Snake/Snake-Prefix.pch";
				INFOPLIST_FILE = "SnakeTests/SnakeTests-Info.plist";
				PRODUCT_NAME = "$(TARGET_NAME)";
				TEST_HOST = "$(BUNDLE_LOADER)";
				WRAPPER_EXTENSION = xctest;
			};
			name = Release;
		};
/* End XCBuildConfiguration section */

/* Begin XCConfigurationList section */
		8A9EE5A118BD748A00811BDB /* Build configuration list for PBXProject "Snake" */ = {
			isa = XCConfigurationList;
			buildConfigurations = (
				8A9EE5DD18BD748A00811BDB /* Debug */,
				8A9EE5DE18BD748A00811BDB /* Release */,
			);
			defaultConfigurationIsVisible = 0;
			defaultConfigurationName = Release;
		};
		8A9EE5DF18BD748A00811BDB /* Build configuration list for PBXNativeTarget "Snake" */ = {
			isa = XCConfigurationList;
			buildConfigurations = (
				8A9EE5E018BD748A00811BDB /* Debug */,
				8A9EE5E118BD748A00811BDB /* Release */,
			);
			defaultConfigurationIsVisible = 0;
			defaultConfigurationName = Release;
		};
		8A9EE5E218BD748A00811BDB /* Build configuration list for PBXNativeTarget "SnakeTests" */ = {
			isa = XCConfigurationList;
			buildConfigurations = (
				8A9EE5E318BD748A00811BDB /* Debug */,
				8A9EE5E418BD748A00811BDB /* Release */,
			);
			defaultConfigurationIsVisible = 0;
			defaultConfigurationName = Release;
		};
/* End XCConfigurationList section */
	};
	rootObject = 8A9EE59E18BD748A00811BDB /* Project object */;
}
